// !$*UTF8*$!
{
	archiveVersion = 1;
	classes = {
	};
	objectVersion = 50;
	objects = {

/* Begin PBXBuildFile section */
		C3A2C8F52432CE4D005854D1 /* main.swift in Sources */ = {isa = PBXBuildFile; fileRef = C31D044124317E8900739A75 /* main.swift */; };
/* End PBXBuildFile section */

/* Begin PBXCopyFilesBuildPhase section */
		C31D043C24317E8900739A75 /* CopyFiles */ = {
			isa = PBXCopyFilesBuildPhase;
			buildActionMask = 2147483647;
			dstPath = /usr/share/man/man1/;
			dstSubfolderSpec = 0;
			files = (
			);
			runOnlyForDeploymentPostprocessing = 1;
		};
/* End PBXCopyFilesBuildPhase section */

/* Begin PBXFileReference section */
		C306AB772465745700BD2A23 /* 방금그곡.swift */ = {isa = PBXFileReference; lastKnownFileType = sourcecode.swift; path = "방금그곡.swift"; sourceTree = "<group>"; };
		C31D043E24317E8900739A75 /* Algo */ = {isa = PBXFileReference; explicitFileType = "compiled.mach-o.executable"; includeInIndex = 0; path = Algo; sourceTree = BUILT_PRODUCTS_DIR; };
		C31D044124317E8900739A75 /* main.swift */ = {isa = PBXFileReference; lastKnownFileType = sourcecode.swift; path = main.swift; sourceTree = "<group>"; };
		C328E3282457BD4500288E8A /* 단어변환.swift */ = {isa = PBXFileReference; lastKnownFileType = sourcecode.swift; path = "단어변환.swift"; sourceTree = "<group>"; };
		C3358D212463C68C00A03F2E /* 섬연결하기.swift */ = {isa = PBXFileReference; lastKnownFileType = sourcecode.swift; path = "섬연결하기.swift"; sourceTree = "<group>"; };
		C3365E572449645C002A558D /* 카펫.swift */ = {isa = PBXFileReference; lastKnownFileType = sourcecode.swift; path = "카펫.swift"; sourceTree = "<group>"; };
		C3365E5924496FA0002A558D /* 위장.swift */ = {isa = PBXFileReference; lastKnownFileType = sourcecode.swift; path = "위장.swift"; sourceTree = "<group>"; };
		C3389490246271940082EE49 /* N으로표현.swift */ = {isa = PBXFileReference; lastKnownFileType = sourcecode.swift; path = "N으로표현.swift"; sourceTree = "<group>"; };
		C33D8A4A24580C08006E53A4 /* 가장 큰 수.swift */ = {isa = PBXFileReference; lastKnownFileType = sourcecode.swift; path = "가장 큰 수.swift"; sourceTree = "<group>"; };
		C3435AE32452CE330092020D /* 베스트앨범.swift */ = {isa = PBXFileReference; lastKnownFileType = sourcecode.swift; path = "베스트앨범.swift"; sourceTree = "<group>"; };
		C34EE2A62436FF690032A7CA /* 스킬트리.swift */ = {isa = PBXFileReference; lastKnownFileType = sourcecode.swift; path = "스킬트리.swift"; sourceTree = "<group>"; };
		C34EE2A9243718410032A7CA /* 기능개발.swift */ = {isa = PBXFileReference; lastKnownFileType = sourcecode.swift; path = "기능개발.swift"; sourceTree = "<group>"; };
		C34EE2AB2437206C0032A7CA /* 탑.swift */ = {isa = PBXFileReference; lastKnownFileType = sourcecode.swift; path = "탑.swift"; sourceTree = "<group>"; };
		C36414EA24533DEE005913AB /* 네트워크.swift */ = {isa = PBXFileReference; lastKnownFileType = sourcecode.swift; path = "네트워크.swift"; sourceTree = "<group>"; };
		C3720A872447DEBA00ED47C0 /* 튜플.swift */ = {isa = PBXFileReference; lastKnownFileType = sourcecode.swift; path = "튜플.swift"; sourceTree = "<group>"; };
		C3720ACC2447E02000ED47C0 /* 평균구하기.swift */ = {isa = PBXFileReference; fileEncoding = 4; lastKnownFileType = sourcecode.swift; path = "평균구하기.swift"; sourceTree = "<group>"; };
		C3720ACD2447E02000ED47C0 /* 짝수와홀수.swift */ = {isa = PBXFileReference; fileEncoding = 4; lastKnownFileType = sourcecode.swift; path = "짝수와홀수.swift"; sourceTree = "<group>"; };
		C3720ACE2447E02000ED47C0 /* 이상한문자만들기.swift */ = {isa = PBXFileReference; fileEncoding = 4; lastKnownFileType = sourcecode.swift; path = "이상한문자만들기.swift"; sourceTree = "<group>"; };
		C3720ACF2447E02000ED47C0 /* 문자열을 정수로 바꾸기.swift */ = {isa = PBXFileReference; fileEncoding = 4; lastKnownFileType = sourcecode.swift; path = "문자열을 정수로 바꾸기.swift"; sourceTree = "<group>"; };
		C3720AD02447E02000ED47C0 /* 서울에서 김서방 찾기.swift */ = {isa = PBXFileReference; fileEncoding = 4; lastKnownFileType = sourcecode.swift; path = "서울에서 김서방 찾기.swift"; sourceTree = "<group>"; };
		C3720AD12447E02000ED47C0 /* 콜라츠추측.swift */ = {isa = PBXFileReference; fileEncoding = 4; lastKnownFileType = sourcecode.swift; path = "콜라츠추측.swift"; sourceTree = "<group>"; };
		C3720AD22447E02000ED47C0 /* 소수찾기.swift */ = {isa = PBXFileReference; fileEncoding = 4; lastKnownFileType = sourcecode.swift; path = "소수찾기.swift"; sourceTree = "<group>"; };
		C3720AD32447E02000ED47C0 /* 문자열 내림차순으로 배치하기.swift */ = {isa = PBXFileReference; fileEncoding = 4; lastKnownFileType = sourcecode.swift; path = "문자열 내림차순으로 배치하기.swift"; sourceTree = "<group>"; };
		C3720AD42447E02000ED47C0 /* 2016.swift */ = {isa = PBXFileReference; fileEncoding = 4; lastKnownFileType = sourcecode.swift; path = 2016.swift; sourceTree = "<group>"; };
		C3720AD52447E02000ED47C0 /* 최대공배수최소공약수.swift */ = {isa = PBXFileReference; fileEncoding = 4; lastKnownFileType = sourcecode.swift; path = "최대공배수최소공약수.swift"; sourceTree = "<group>"; };
		C3720AD62447E02100ED47C0 /* 카카오크레인인형뽑기.swift */ = {isa = PBXFileReference; fileEncoding = 4; lastKnownFileType = sourcecode.swift; path = "카카오크레인인형뽑기.swift"; sourceTree = "<group>"; };
		C3720AD72447E02100ED47C0 /* 핸드폰번호가리기.swift */ = {isa = PBXFileReference; fileEncoding = 4; lastKnownFileType = sourcecode.swift; path = "핸드폰번호가리기.swift"; sourceTree = "<group>"; };
		C3720AD82447E02100ED47C0 /* 두 정수 사이의 합.swift */ = {isa = PBXFileReference; fileEncoding = 4; lastKnownFileType = sourcecode.swift; path = "두 정수 사이의 합.swift"; sourceTree = "<group>"; };
		C3720AD92447E02100ED47C0 /* 문자열 내 마음대로 정렬하기.swift */ = {isa = PBXFileReference; fileEncoding = 4; lastKnownFileType = sourcecode.swift; path = "문자열 내 마음대로 정렬하기.swift"; sourceTree = "<group>"; };
		C3720ADA2447E02100ED47C0 /* 체육복.swift */ = {isa = PBXFileReference; fileEncoding = 4; lastKnownFileType = sourcecode.swift; path = "체육복.swift"; sourceTree = "<group>"; };
		C3720ADB2447E02100ED47C0 /* 하샤드의수.swift */ = {isa = PBXFileReference; fileEncoding = 4; lastKnownFileType = sourcecode.swift; path = "하샤드의수.swift"; sourceTree = "<group>"; };
		C3720ADC2447E02100ED47C0 /* 가운데글자가져오기.swift */ = {isa = PBXFileReference; fileEncoding = 4; lastKnownFileType = sourcecode.swift; path = "가운데글자가져오기.swift"; sourceTree = "<group>"; };
		C3720ADD2447E02100ED47C0 /* 문자열 내 p와 y의 개수.swift */ = {isa = PBXFileReference; fileEncoding = 4; lastKnownFileType = sourcecode.swift; path = "문자열 내 p와 y의 개수.swift"; sourceTree = "<group>"; };
		C3720ADE2447E02100ED47C0 /* x간격만큼있는n개의숫자.swift */ = {isa = PBXFileReference; fileEncoding = 4; lastKnownFileType = sourcecode.swift; path = "x간격만큼있는n개의숫자.swift"; sourceTree = "<group>"; };
		C3720ADF2447E02100ED47C0 /* 시저암호.swift */ = {isa = PBXFileReference; fileEncoding = 4; lastKnownFileType = sourcecode.swift; path = "시저암호.swift"; sourceTree = "<group>"; };
		C3720AE02447E02100ED47C0 /* 제일작은수제거.swift */ = {isa = PBXFileReference; fileEncoding = 4; lastKnownFileType = sourcecode.swift; path = "제일작은수제거.swift"; sourceTree = "<group>"; };
		C3720AE12447E02100ED47C0 /* 카카오비밀지도.swift */ = {isa = PBXFileReference; fileEncoding = 4; lastKnownFileType = sourcecode.swift; path = "카카오비밀지도.swift"; sourceTree = "<group>"; };
		C3720AE22447E02100ED47C0 /* 수박수박수박수박수박수?.swift */ = {isa = PBXFileReference; fileEncoding = 4; lastKnownFileType = sourcecode.swift; path = "수박수박수박수박수박수?.swift"; sourceTree = "<group>"; };
		C3720AE32447E02100ED47C0 /* K번쨰수.swift */ = {isa = PBXFileReference; fileEncoding = 4; lastKnownFileType = sourcecode.swift; path = "K번쨰수.swift"; sourceTree = "<group>"; };
		C3720AE42447E02100ED47C0 /* 문자열 다루기 기본.swift */ = {isa = PBXFileReference; fileEncoding = 4; lastKnownFileType = sourcecode.swift; path = "문자열 다루기 기본.swift"; sourceTree = "<group>"; };
		C3720AE52447E02100ED47C0 /* 자연수 뒤집어 배열로 만들기.swift */ = {isa = PBXFileReference; fileEncoding = 4; lastKnownFileType = sourcecode.swift; path = "자연수 뒤집어 배열로 만들기.swift"; sourceTree = "<group>"; };
		C3720AE62447E02100ED47C0 /* 정수제곱근판별.swift */ = {isa = PBXFileReference; fileEncoding = 4; lastKnownFileType = sourcecode.swift; path = "정수제곱근판별.swift"; sourceTree = "<group>"; };
		C3720AE72447E02100ED47C0 /* 실패율.swift */ = {isa = PBXFileReference; fileEncoding = 4; lastKnownFileType = sourcecode.swift; path = "실패율.swift"; sourceTree = "<group>"; };
		C3720AE82447E02200ED47C0 /* 약수의합.swift */ = {isa = PBXFileReference; fileEncoding = 4; lastKnownFileType = sourcecode.swift; path = "약수의합.swift"; sourceTree = "<group>"; };
		C3720AE92447E02200ED47C0 /* 예산.swift */ = {isa = PBXFileReference; fileEncoding = 4; lastKnownFileType = sourcecode.swift; path = "예산.swift"; sourceTree = "<group>"; };
		C3720AEA2447E02200ED47C0 /* 정수내림차순으로배치하기.swift */ = {isa = PBXFileReference; fileEncoding = 4; lastKnownFileType = sourcecode.swift; path = "정수내림차순으로배치하기.swift"; sourceTree = "<group>"; };
		C3720AEB2447E02200ED47C0 /* 자릿수더하기.swift */ = {isa = PBXFileReference; fileEncoding = 4; lastKnownFileType = sourcecode.swift; path = "자릿수더하기.swift"; sourceTree = "<group>"; };
		C3720AEC2447E02200ED47C0 /* 나누어떨어지는숫자배열.swift */ = {isa = PBXFileReference; fileEncoding = 4; lastKnownFileType = sourcecode.swift; path = "나누어떨어지는숫자배열.swift"; sourceTree = "<group>"; };
		C3720B1224483BC000ED47C0 /* 소수찾기.swift */ = {isa = PBXFileReference; lastKnownFileType = sourcecode.swift; path = "소수찾기.swift"; sourceTree = "<group>"; };
		C372E8A9243C37B700655F02 /* 문자열압축.swift */ = {isa = PBXFileReference; lastKnownFileType = sourcecode.swift; path = "문자열압축.swift"; sourceTree = "<group>"; };
		C372E8AB243C4A0600655F02 /* 괄호변환.swift */ = {isa = PBXFileReference; lastKnownFileType = sourcecode.swift; path = "괄호변환.swift"; sourceTree = "<group>"; };
		C3888BB9244EB4DC00345A8E /* 불량사용자.swift */ = {isa = PBXFileReference; lastKnownFileType = sourcecode.swift; path = "불량사용자.swift"; sourceTree = "<group>"; };
		C3888BBC244EC2F300345A8E /* 캐시.swift */ = {isa = PBXFileReference; lastKnownFileType = sourcecode.swift; path = "캐시.swift"; sourceTree = "<group>"; };
		C39148292443EF410066E877 /* 카카오징검다리건너기.swift */ = {isa = PBXFileReference; lastKnownFileType = sourcecode.swift; path = "카카오징검다리건너기.swift"; sourceTree = "<group>"; };
		C391482B2443F92C0066E877 /* 쇠막대기.swift */ = {isa = PBXFileReference; lastKnownFileType = sourcecode.swift; path = "쇠막대기.swift"; sourceTree = "<group>"; };
		C3928FE62445571500155B74 /* 큰 수 만들기.swift */ = {isa = PBXFileReference; lastKnownFileType = sourcecode.swift; path = "큰 수 만들기.swift"; sourceTree = "<group>"; };
		C3928FE82445803F00155B74 /* H-Index.swift */ = {isa = PBXFileReference; lastKnownFileType = sourcecode.swift; path = "H-Index.swift"; sourceTree = "<group>"; };
		C3928FEA2445965800155B74 /* 타겟넘버.swift */ = {isa = PBXFileReference; lastKnownFileType = sourcecode.swift; path = "타겟넘버.swift"; sourceTree = "<group>"; };
		C39571A2243D878D0086CEA0 /* N진법게임.swift */ = {isa = PBXFileReference; lastKnownFileType = sourcecode.swift; path = "N진법게임.swift"; sourceTree = "<group>"; };
		C39571A4243D93B90086CEA0 /* 숫자야구.swift */ = {isa = PBXFileReference; lastKnownFileType = sourcecode.swift; path = "숫자야구.swift"; sourceTree = "<group>"; };
		C39E45EF24567883003F34B0 /* 종이접기.swift */ = {isa = PBXFileReference; lastKnownFileType = sourcecode.swift; path = "종이접기.swift"; sourceTree = "<group>"; };
		C39E45F22456935D003F34B0 /* 숫자게임.swift */ = {isa = PBXFileReference; lastKnownFileType = sourcecode.swift; path = "숫자게임.swift"; sourceTree = "<group>"; };
		C39E45F52456CDEB003F34B0 /* 기지국설치.swift */ = {isa = PBXFileReference; lastKnownFileType = sourcecode.swift; path = "기지국설치.swift"; sourceTree = "<group>"; };
		C3BA32F1243ABD6500351F05 /* 멀쩡한사각형.swift */ = {isa = PBXFileReference; lastKnownFileType = sourcecode.swift; path = "멀쩡한사각형.swift"; sourceTree = "<group>"; };
		C3BA32F3243AC87D00351F05 /* 다리를지나는트럭.swift */ = {isa = PBXFileReference; lastKnownFileType = sourcecode.swift; path = "다리를지나는트럭.swift"; sourceTree = "<group>"; };
		C3BA32F6243AF45200351F05 /* 프린터.swift */ = {isa = PBXFileReference; lastKnownFileType = sourcecode.swift; path = "프린터.swift"; sourceTree = "<group>"; };
		C3CAEE47245DB192004A2D56 /* 가장먼노드.swift */ = {isa = PBXFileReference; lastKnownFileType = sourcecode.swift; path = "가장먼노드.swift"; sourceTree = "<group>"; };
		C3CAEE49245EF3B3004A2D56 /* 여행경로.swift */ = {isa = PBXFileReference; lastKnownFileType = sourcecode.swift; path = "여행경로.swift"; sourceTree = "<group>"; };
		C3DF7F7E24502216002B346C /* 뉴스클러스팅.swift */ = {isa = PBXFileReference; lastKnownFileType = sourcecode.swift; path = "뉴스클러스팅.swift"; sourceTree = "<group>"; };
		C3F9FE902457E9C7002037AA /* 디스크 컨트롤러.swift */ = {isa = PBXFileReference; lastKnownFileType = sourcecode.swift; path = "디스크 컨트롤러.swift"; sourceTree = "<group>"; };
		C3F9FE9324580616002037AA /* 입국심사.swift */ = {isa = PBXFileReference; lastKnownFileType = sourcecode.swift; path = "입국심사.swift"; sourceTree = "<group>"; };
		C3FEECCC24526B650052DED5 /* 호텔방배정.swift */ = {isa = PBXFileReference; lastKnownFileType = sourcecode.swift; path = "호텔방배정.swift"; sourceTree = "<group>"; };
/* End PBXFileReference section */

/* Begin PBXFrameworksBuildPhase section */
		C31D043B24317E8900739A75 /* Frameworks */ = {
			isa = PBXFrameworksBuildPhase;
			buildActionMask = 2147483647;
			files = (
			);
			runOnlyForDeploymentPostprocessing = 0;
		};
/* End PBXFrameworksBuildPhase section */

/* Begin PBXGroup section */
		C31D043524317E8900739A75 = {
			isa = PBXGroup;
			children = (
				C31D044024317E8900739A75 /* Algo */,
				C31D043F24317E8900739A75 /* Products */,
			);
			sourceTree = "<group>";
		};
		C31D043F24317E8900739A75 /* Products */ = {
			isa = PBXGroup;
			children = (
				C31D043E24317E8900739A75 /* Algo */,
			);
			name = Products;
			sourceTree = "<group>";
		};
		C31D044024317E8900739A75 /* Algo */ = {
			isa = PBXGroup;
			children = (
				C31D044124317E8900739A75 /* main.swift */,
				C34EE2A22436FDC30032A7CA /* Programmers */,
			);
			path = Algo;
			sourceTree = "<group>";
		};
		C34EE2A22436FDC30032A7CA /* Programmers */ = {
			isa = PBXGroup;
			children = (
				C3888BB8244EB4D100345A8E /* Level3 */,
				C39148282443EF280066E877 /* 미완성 */,
				C34EE2A52436FF600032A7CA /* Level2 */,
				C3720ACB2447DFF200ED47C0 /* Level1 */,
			);
			path = Programmers;
			sourceTree = "<group>";
		};
		C34EE2A52436FF600032A7CA /* Level2 */ = {
			isa = PBXGroup;
			children = (
				C34EE2A62436FF690032A7CA /* 스킬트리.swift */,
				C34EE2A9243718410032A7CA /* 기능개발.swift */,
				C34EE2AB2437206C0032A7CA /* 탑.swift */,
				C3BA32F1243ABD6500351F05 /* 멀쩡한사각형.swift */,
				C3BA32F3243AC87D00351F05 /* 다리를지나는트럭.swift */,
				C3BA32F6243AF45200351F05 /* 프린터.swift */,
				C372E8A9243C37B700655F02 /* 문자열압축.swift */,
				C372E8AB243C4A0600655F02 /* 괄호변환.swift */,
				C39571A2243D878D0086CEA0 /* N진법게임.swift */,
				C39571A4243D93B90086CEA0 /* 숫자야구.swift */,
				C391482B2443F92C0066E877 /* 쇠막대기.swift */,
				C3928FE62445571500155B74 /* 큰 수 만들기.swift */,
				C3928FE82445803F00155B74 /* H-Index.swift */,
				C3928FEA2445965800155B74 /* 타겟넘버.swift */,
				C3720A872447DEBA00ED47C0 /* 튜플.swift */,
				C3720B1224483BC000ED47C0 /* 소수찾기.swift */,
				C3365E572449645C002A558D /* 카펫.swift */,
				C3365E5924496FA0002A558D /* 위장.swift */,
				C3888BBC244EC2F300345A8E /* 캐시.swift */,
				C3DF7F7E24502216002B346C /* 뉴스클러스팅.swift */,
				C33D8A4A24580C08006E53A4 /* 가장 큰 수.swift */,
				C306AB772465745700BD2A23 /* 방금그곡.swift */,
			);
			path = Level2;
			sourceTree = "<group>";
		};
		C3720ACB2447DFF200ED47C0 /* Level1 */ = {
			isa = PBXGroup;
			children = (
				C3720AD42447E02000ED47C0 /* 2016.swift */,
				C3720ADC2447E02100ED47C0 /* 가운데글자가져오기.swift */,
				C3720AEC2447E02200ED47C0 /* 나누어떨어지는숫자배열.swift */,
				C3720AD82447E02100ED47C0 /* 두 정수 사이의 합.swift */,
				C3720AD92447E02100ED47C0 /* 문자열 내 마음대로 정렬하기.swift */,
				C3720ADD2447E02100ED47C0 /* 문자열 내 p와 y의 개수.swift */,
				C3720AD32447E02000ED47C0 /* 문자열 내림차순으로 배치하기.swift */,
				C3720AE42447E02100ED47C0 /* 문자열 다루기 기본.swift */,
				C3720ACF2447E02000ED47C0 /* 문자열을 정수로 바꾸기.swift */,
				C3720AD02447E02000ED47C0 /* 서울에서 김서방 찾기.swift */,
				C3720AD22447E02000ED47C0 /* 소수찾기.swift */,
				C3720AE22447E02100ED47C0 /* 수박수박수박수박수박수?.swift */,
				C3720ADF2447E02100ED47C0 /* 시저암호.swift */,
				C3720AE72447E02100ED47C0 /* 실패율.swift */,
				C3720AE82447E02200ED47C0 /* 약수의합.swift */,
				C3720AE92447E02200ED47C0 /* 예산.swift */,
				C3720ACE2447E02000ED47C0 /* 이상한문자만들기.swift */,
				C3720AEB2447E02200ED47C0 /* 자릿수더하기.swift */,
				C3720AE52447E02100ED47C0 /* 자연수 뒤집어 배열로 만들기.swift */,
				C3720AEA2447E02200ED47C0 /* 정수내림차순으로배치하기.swift */,
				C3720AE62447E02100ED47C0 /* 정수제곱근판별.swift */,
				C3720AE02447E02100ED47C0 /* 제일작은수제거.swift */,
				C3720ACD2447E02000ED47C0 /* 짝수와홀수.swift */,
				C3720ADA2447E02100ED47C0 /* 체육복.swift */,
				C3720AD52447E02000ED47C0 /* 최대공배수최소공약수.swift */,
				C3720AE12447E02100ED47C0 /* 카카오비밀지도.swift */,
				C3720AD62447E02100ED47C0 /* 카카오크레인인형뽑기.swift */,
				C3720AD12447E02000ED47C0 /* 콜라츠추측.swift */,
				C3720ACC2447E02000ED47C0 /* 평균구하기.swift */,
				C3720ADB2447E02100ED47C0 /* 하샤드의수.swift */,
				C3720AD72447E02100ED47C0 /* 핸드폰번호가리기.swift */,
				C3720AE32447E02100ED47C0 /* K번쨰수.swift */,
				C3720ADE2447E02100ED47C0 /* x간격만큼있는n개의숫자.swift */,
			);
			path = Level1;
			sourceTree = "<group>";
		};
		C3888BB8244EB4D100345A8E /* Level3 */ = {
			isa = PBXGroup;
			children = (
				C3888BB9244EB4DC00345A8E /* 불량사용자.swift */,
				C3FEECCC24526B650052DED5 /* 호텔방배정.swift */,
				C3435AE32452CE330092020D /* 베스트앨범.swift */,
				C36414EA24533DEE005913AB /* 네트워크.swift */,
				C39E45EF24567883003F34B0 /* 종이접기.swift */,
				C39E45F22456935D003F34B0 /* 숫자게임.swift */,
				C39E45F52456CDEB003F34B0 /* 기지국설치.swift */,
				C328E3282457BD4500288E8A /* 단어변환.swift */,
				C3F9FE902457E9C7002037AA /* 디스크 컨트롤러.swift */,
				C3F9FE9324580616002037AA /* 입국심사.swift */,
				C3CAEE47245DB192004A2D56 /* 가장먼노드.swift */,
				C3CAEE49245EF3B3004A2D56 /* 여행경로.swift */,
				C3389490246271940082EE49 /* N으로표현.swift */,
				C3358D212463C68C00A03F2E /* 섬연결하기.swift */,
			);
			path = Level3;
			sourceTree = "<group>";
		};
		C39148282443EF280066E877 /* 미완성 */ = {
			isa = PBXGroup;
			children = (
				C39148292443EF410066E877 /* 카카오징검다리건너기.swift */,
			);
			name = "미완성";
			path = "미완성";
			sourceTree = "<group>";
		};
/* End PBXGroup section */

/* Begin PBXNativeTarget section */
		C31D043D24317E8900739A75 /* Algo */ = {
			isa = PBXNativeTarget;
			buildConfigurationList = C31D044524317E8900739A75 /* Build configuration list for PBXNativeTarget "Algo" */;
			buildPhases = (
				C31D043A24317E8900739A75 /* Sources */,
				C31D043B24317E8900739A75 /* Frameworks */,
				C31D043C24317E8900739A75 /* CopyFiles */,
			);
			buildRules = (
			);
			dependencies = (
			);
			name = Algo;
			productName = Algo;
			productReference = C31D043E24317E8900739A75 /* Algo */;
			productType = "com.apple.product-type.tool";
		};
/* End PBXNativeTarget section */

/* Begin PBXProject section */
		C31D043624317E8900739A75 /* Project object */ = {
			isa = PBXProject;
			attributes = {
				LastSwiftUpdateCheck = 1140;
				LastUpgradeCheck = 1140;
				ORGANIZATIONNAME = Seokho;
				TargetAttributes = {
					C31D043D24317E8900739A75 = {
						CreatedOnToolsVersion = 11.4;
					};
				};
			};
			buildConfigurationList = C31D043924317E8900739A75 /* Build configuration list for PBXProject "Algo" */;
			compatibilityVersion = "Xcode 9.3";
			developmentRegion = en;
			hasScannedForEncodings = 0;
			knownRegions = (
				en,
				Base,
			);
			mainGroup = C31D043524317E8900739A75;
			productRefGroup = C31D043F24317E8900739A75 /* Products */;
			projectDirPath = "";
			projectRoot = "";
			targets = (
				C31D043D24317E8900739A75 /* Algo */,
			);
		};
/* End PBXProject section */

/* Begin PBXSourcesBuildPhase section */
		C31D043A24317E8900739A75 /* Sources */ = {
			isa = PBXSourcesBuildPhase;
			buildActionMask = 2147483647;
			files = (
				C3A2C8F52432CE4D005854D1 /* main.swift in Sources */,
			);
			runOnlyForDeploymentPostprocessing = 0;
		};
/* End PBXSourcesBuildPhase section */

/* Begin XCBuildConfiguration section */
		C31D044324317E8900739A75 /* Debug */ = {
			isa = XCBuildConfiguration;
			buildSettings = {
				ALWAYS_SEARCH_USER_PATHS = NO;
				CLANG_ANALYZER_NONNULL = YES;
				CLANG_ANALYZER_NUMBER_OBJECT_CONVERSION = YES_AGGRESSIVE;
				CLANG_CXX_LANGUAGE_STANDARD = "gnu++14";
				CLANG_CXX_LIBRARY = "libc++";
				CLANG_ENABLE_MODULES = YES;
				CLANG_ENABLE_OBJC_ARC = YES;
				CLANG_ENABLE_OBJC_WEAK = YES;
				CLANG_WARN_BLOCK_CAPTURE_AUTORELEASING = YES;
				CLANG_WARN_BOOL_CONVERSION = YES;
				CLANG_WARN_COMMA = YES;
				CLANG_WARN_CONSTANT_CONVERSION = YES;
				CLANG_WARN_DEPRECATED_OBJC_IMPLEMENTATIONS = YES;
				CLANG_WARN_DIRECT_OBJC_ISA_USAGE = YES_ERROR;
				CLANG_WARN_DOCUMENTATION_COMMENTS = YES;
				CLANG_WARN_EMPTY_BODY = YES;
				CLANG_WARN_ENUM_CONVERSION = YES;
				CLANG_WARN_INFINITE_RECURSION = YES;
				CLANG_WARN_INT_CONVERSION = YES;
				CLANG_WARN_NON_LITERAL_NULL_CONVERSION = YES;
				CLANG_WARN_OBJC_IMPLICIT_RETAIN_SELF = YES;
				CLANG_WARN_OBJC_LITERAL_CONVERSION = YES;
				CLANG_WARN_OBJC_ROOT_CLASS = YES_ERROR;
				CLANG_WARN_RANGE_LOOP_ANALYSIS = YES;
				CLANG_WARN_STRICT_PROTOTYPES = YES;
				CLANG_WARN_SUSPICIOUS_MOVE = YES;
				CLANG_WARN_UNGUARDED_AVAILABILITY = YES_AGGRESSIVE;
				CLANG_WARN_UNREACHABLE_CODE = YES;
				CLANG_WARN__DUPLICATE_METHOD_MATCH = YES;
				COPY_PHASE_STRIP = NO;
				DEBUG_INFORMATION_FORMAT = dwarf;
				ENABLE_STRICT_OBJC_MSGSEND = YES;
				ENABLE_TESTABILITY = YES;
				GCC_C_LANGUAGE_STANDARD = gnu11;
				GCC_DYNAMIC_NO_PIC = NO;
				GCC_NO_COMMON_BLOCKS = YES;
				GCC_OPTIMIZATION_LEVEL = 0;
				GCC_PREPROCESSOR_DEFINITIONS = (
					"DEBUG=1",
					"$(inherited)",
				);
				GCC_WARN_64_TO_32_BIT_CONVERSION = YES;
				GCC_WARN_ABOUT_RETURN_TYPE = YES_ERROR;
				GCC_WARN_UNDECLARED_SELECTOR = YES;
				GCC_WARN_UNINITIALIZED_AUTOS = YES_AGGRESSIVE;
				GCC_WARN_UNUSED_FUNCTION = YES;
				GCC_WARN_UNUSED_VARIABLE = YES;
				MACOSX_DEPLOYMENT_TARGET = 10.15;
				MTL_ENABLE_DEBUG_INFO = INCLUDE_SOURCE;
				MTL_FAST_MATH = YES;
				ONLY_ACTIVE_ARCH = YES;
				SDKROOT = macosx;
				SWIFT_ACTIVE_COMPILATION_CONDITIONS = DEBUG;
				SWIFT_OPTIMIZATION_LEVEL = "-Onone";
			};
			name = Debug;
		};
		C31D044424317E8900739A75 /* Release */ = {
			isa = XCBuildConfiguration;
			buildSettings = {
				ALWAYS_SEARCH_USER_PATHS = NO;
				CLANG_ANALYZER_NONNULL = YES;
				CLANG_ANALYZER_NUMBER_OBJECT_CONVERSION = YES_AGGRESSIVE;
				CLANG_CXX_LANGUAGE_STANDARD = "gnu++14";
				CLANG_CXX_LIBRARY = "libc++";
				CLANG_ENABLE_MODULES = YES;
				CLANG_ENABLE_OBJC_ARC = YES;
				CLANG_ENABLE_OBJC_WEAK = YES;
				CLANG_WARN_BLOCK_CAPTURE_AUTORELEASING = YES;
				CLANG_WARN_BOOL_CONVERSION = YES;
				CLANG_WARN_COMMA = YES;
				CLANG_WARN_CONSTANT_CONVERSION = YES;
				CLANG_WARN_DEPRECATED_OBJC_IMPLEMENTATIONS = YES;
				CLANG_WARN_DIRECT_OBJC_ISA_USAGE = YES_ERROR;
				CLANG_WARN_DOCUMENTATION_COMMENTS = YES;
				CLANG_WARN_EMPTY_BODY = YES;
				CLANG_WARN_ENUM_CONVERSION = YES;
				CLANG_WARN_INFINITE_RECURSION = YES;
				CLANG_WARN_INT_CONVERSION = YES;
				CLANG_WARN_NON_LITERAL_NULL_CONVERSION = YES;
				CLANG_WARN_OBJC_IMPLICIT_RETAIN_SELF = YES;
				CLANG_WARN_OBJC_LITERAL_CONVERSION = YES;
				CLANG_WARN_OBJC_ROOT_CLASS = YES_ERROR;
				CLANG_WARN_RANGE_LOOP_ANALYSIS = YES;
				CLANG_WARN_STRICT_PROTOTYPES = YES;
				CLANG_WARN_SUSPICIOUS_MOVE = YES;
				CLANG_WARN_UNGUARDED_AVAILABILITY = YES_AGGRESSIVE;
				CLANG_WARN_UNREACHABLE_CODE = YES;
				CLANG_WARN__DUPLICATE_METHOD_MATCH = YES;
				COPY_PHASE_STRIP = NO;
				DEBUG_INFORMATION_FORMAT = "dwarf-with-dsym";
				ENABLE_NS_ASSERTIONS = NO;
				ENABLE_STRICT_OBJC_MSGSEND = YES;
				GCC_C_LANGUAGE_STANDARD = gnu11;
				GCC_NO_COMMON_BLOCKS = YES;
				GCC_WARN_64_TO_32_BIT_CONVERSION = YES;
				GCC_WARN_ABOUT_RETURN_TYPE = YES_ERROR;
				GCC_WARN_UNDECLARED_SELECTOR = YES;
				GCC_WARN_UNINITIALIZED_AUTOS = YES_AGGRESSIVE;
				GCC_WARN_UNUSED_FUNCTION = YES;
				GCC_WARN_UNUSED_VARIABLE = YES;
				MACOSX_DEPLOYMENT_TARGET = 10.15;
				MTL_ENABLE_DEBUG_INFO = NO;
				MTL_FAST_MATH = YES;
				SDKROOT = macosx;
				SWIFT_COMPILATION_MODE = wholemodule;
				SWIFT_OPTIMIZATION_LEVEL = "-O";
			};
			name = Release;
		};
		C31D044624317E8900739A75 /* Debug */ = {
			isa = XCBuildConfiguration;
			buildSettings = {
				CODE_SIGN_STYLE = Automatic;
				DEVELOPMENT_TEAM = 5BY5MQ6875;
				ENABLE_HARDENED_RUNTIME = YES;
				PRODUCT_NAME = "$(TARGET_NAME)";
				SWIFT_VERSION = 5.0;
			};
			name = Debug;
		};
		C31D044724317E8900739A75 /* Release */ = {
			isa = XCBuildConfiguration;
			buildSettings = {
				CODE_SIGN_STYLE = Automatic;
				DEVELOPMENT_TEAM = 5BY5MQ6875;
				ENABLE_HARDENED_RUNTIME = YES;
				PRODUCT_NAME = "$(TARGET_NAME)";
				SWIFT_VERSION = 5.0;
			};
			name = Release;
		};
/* End XCBuildConfiguration section */

/* Begin XCConfigurationList section */
		C31D043924317E8900739A75 /* Build configuration list for PBXProject "Algo" */ = {
			isa = XCConfigurationList;
			buildConfigurations = (
				C31D044324317E8900739A75 /* Debug */,
				C31D044424317E8900739A75 /* Release */,
			);
			defaultConfigurationIsVisible = 0;
			defaultConfigurationName = Release;
		};
		C31D044524317E8900739A75 /* Build configuration list for PBXNativeTarget "Algo" */ = {
			isa = XCConfigurationList;
			buildConfigurations = (
				C31D044624317E8900739A75 /* Debug */,
				C31D044724317E8900739A75 /* Release */,
			);
			defaultConfigurationIsVisible = 0;
			defaultConfigurationName = Release;
		};
/* End XCConfigurationList section */
	};
	rootObject = C31D043624317E8900739A75 /* Project object */;
}
